
Microsoft Visual Studio Solution File, Format Version 12.00
# Visual Studio 15
VisualStudioVersion = 15.0.26730.15
MinimumVisualStudioVersion = 10.0.40219.1
Project("{FAE04EC0-301F-11D3-BF4B-00C04F79EFBC}") = "HyperGeometricApp", "HyperGeometricApp\HyperGeometricApp.csproj", "{3D674F6C-3557-4781-BE94-1703370EFCED}"
EndProject
Global
	GlobalSection(SolutionConfigurationPlatforms) = preSolution
		Debug|Any CPU = Debug|Any CPU
		Release|Any CPU = Release|Any CPU
	EndGlobalSection
	GlobalSection(ProjectConfigurationPlatforms) = postSolution
		{3D674F6C-3557-4781-BE94-1703370EFCED}.Debug|Any CPU.ActiveCfg = Debug|Any CPU
		{3D674F6C-3557-4781-BE94-1703370EFCED}.Debug|Any CPU.Build.0 = Debug|Any CPU
		{3D674F6C-3557-4781-BE94-1703370EFCED}.Release|Any CPU.ActiveCfg = Release|Any CPU
		{3D674F6C-3557-4781-BE94-1703370EFCED}.Release|Any CPU.Build.0 = Release|Any CPU
	EndGlobalSection
	GlobalSection(SolutionProperties) = preSolution
		HideSolutionNode = FALSE
	EndGlobalSection
	GlobalSection(ExtensibilityGlobals) = postSolution
		SolutionGuid = {64E630BA-0F2A-4076-911C-558C64F43FD3}
	EndGlobalSection
EndGlobal
